// !$*UTF8*$!
{
	archiveVersion = 1;
	classes = {
	};
	objectVersion = 55;
	objects = {

/* Begin PBXBuildFile section */
		263585CE2881DC5000828682 /* AppDelegate.swift in Sources */ = {isa = PBXBuildFile; fileRef = 263585CD2881DC5000828682 /* AppDelegate.swift */; };
		263585D02881DC5000828682 /* ContentView.swift in Sources */ = {isa = PBXBuildFile; fileRef = 263585CF2881DC5000828682 /* ContentView.swift */; };
		263585D42881DC5200828682 /* Assets.xcassets in Resources */ = {isa = PBXBuildFile; fileRef = 263585D32881DC5200828682 /* Assets.xcassets */; };
		263585D72881DC5200828682 /* Preview Assets.xcassets in Resources */ = {isa = PBXBuildFile; fileRef = 263585D62881DC5200828682 /* Preview Assets.xcassets */; };
		263585E12881DC5300828682 /* ARStyleTests.swift in Sources */ = {isa = PBXBuildFile; fileRef = 263585E02881DC5300828682 /* ARStyleTests.swift */; };
		263585EB2881DC5300828682 /* ARStyleUITests.swift in Sources */ = {isa = PBXBuildFile; fileRef = 263585EA2881DC5300828682 /* ARStyleUITests.swift */; };
		263585ED2881DC5300828682 /* ARStyleUITestsLaunchTests.swift in Sources */ = {isa = PBXBuildFile; fileRef = 263585EC2881DC5300828682 /* ARStyleUITestsLaunchTests.swift */; };
		2641083C288953DB0051D3E5 /* PreferencesPage.swift in Sources */ = {isa = PBXBuildFile; fileRef = 2641083B288953DB0051D3E5 /* PreferencesPage.swift */; };
		26AD682128884CFF0061EAB1 /* WelcomePage.swift in Sources */ = {isa = PBXBuildFile; fileRef = 26AD682028884CFF0061EAB1 /* WelcomePage.swift */; };
		4D24CF852888D94900B23148 /* CameraModel.swift in Sources */ = {isa = PBXBuildFile; fileRef = 4D24CF842888D94900B23148 /* CameraModel.swift */; };
		4D3A2850288615C600CBA859 /* glasses1.rcproject in Sources */ = {isa = PBXBuildFile; fileRef = 4D3A284F288615C600CBA859 /* glasses1.rcproject */; };
		4D3A2852288616CF00CBA859 /* glasses2.rcproject in Sources */ = {isa = PBXBuildFile; fileRef = 4D3A2851288616CF00CBA859 /* glasses2.rcproject */; };
		4D3A2854288624D400CBA859 /* glasses3.rcproject in Sources */ = {isa = PBXBuildFile; fileRef = 4D3A2853288624D400CBA859 /* glasses3.rcproject */; };
		4D3A28582886358900CBA859 /* glasses4.rcproject in Sources */ = {isa = PBXBuildFile; fileRef = 4D3A28572886358900CBA859 /* glasses4.rcproject */; };
		4D3A285A28863F2C00CBA859 /* glasses5.rcproject in Sources */ = {isa = PBXBuildFile; fileRef = 4D3A285928863F2C00CBA859 /* glasses5.rcproject */; };
		4D3A285C28863FB100CBA859 /* glasses6.rcproject in Sources */ = {isa = PBXBuildFile; fileRef = 4D3A285B28863FB100CBA859 /* glasses6.rcproject */; };
		4D3A285E28863FD600CBA859 /* glasses7.rcproject in Sources */ = {isa = PBXBuildFile; fileRef = 4D3A285D28863FD600CBA859 /* glasses7.rcproject */; };
		4D5109F5288948BF00A3FBB7 /* MLModel.swift in Sources */ = {isa = PBXBuildFile; fileRef = 4D5109F4288948BF00A3FBB7 /* MLModel.swift */; };
		4D5109F7288957CF00A3FBB7 /* PhototypeClassifier.mlkitmodel in Sources */ = {isa = PBXBuildFile; fileRef = 4D5109F6288957CE00A3FBB7 /* PhototypeClassifier.mlkitmodel */; };
		4D5109F928895BE200A3FBB7 /* AnalyzeView.swift in Sources */ = {isa = PBXBuildFile; fileRef = 4D5109F828895BE200A3FBB7 /* AnalyzeView.swift */; };
		4D5109FB28895BED00A3FBB7 /* MakeUpView.swift in Sources */ = {isa = PBXBuildFile; fileRef = 4D5109FA28895BED00A3FBB7 /* MakeUpView.swift */; };
		4D5109FD28897DFE00A3FBB7 /* FaceShapeClassifier.mlmodel in Sources */ = {isa = PBXBuildFile; fileRef = 4D5109FC28897DFD00A3FBB7 /* FaceShapeClassifier.mlmodel */; };
		4DA0500A28882CE8006EEF3D /* hair8.rcproject in Sources */ = {isa = PBXBuildFile; fileRef = 4DA0500928882CE8006EEF3D /* hair8.rcproject */; };
		4DA0500E28883CE8006EEF3D /* hair7.rcproject in Sources */ = {isa = PBXBuildFile; fileRef = 4DA0500D28883CE8006EEF3D /* hair7.rcproject */; };
		4DA0501028883DE8006EEF3D /* hair9.rcproject in Sources */ = {isa = PBXBuildFile; fileRef = 4DA0500F28883DE8006EEF3D /* hair9.rcproject */; };
		4DC82FF72888A38300306C9D /* Launch Screen.storyboard in Resources */ = {isa = PBXBuildFile; fileRef = 4DC82FF62888A38300306C9D /* Launch Screen.storyboard */; };
		4DD2E3E92887ED150046FD7A /* hair1.rcproject in Sources */ = {isa = PBXBuildFile; fileRef = 4DD2E3E82887ED150046FD7A /* hair1.rcproject */; };
		4DD2E3EB2887ED430046FD7A /* hair2.rcproject in Sources */ = {isa = PBXBuildFile; fileRef = 4DD2E3EA2887ED430046FD7A /* hair2.rcproject */; };
		4DD2E3ED2887ED860046FD7A /* hair3.rcproject in Sources */ = {isa = PBXBuildFile; fileRef = 4DD2E3EC2887ED860046FD7A /* hair3.rcproject */; };
		4DD2E3EF2887EDBE0046FD7A /* hair4.rcproject in Sources */ = {isa = PBXBuildFile; fileRef = 4DD2E3EE2887EDBE0046FD7A /* hair4.rcproject */; };
		4DD2E3F12887F2F40046FD7A /* hair11.rcproject in Sources */ = {isa = PBXBuildFile; fileRef = 4DD2E3F02887F2F40046FD7A /* hair11.rcproject */; };
		4DDC58002888C1A700A7630D /* ArView.swift in Sources */ = {isa = PBXBuildFile; fileRef = 4DDC57FF2888C1A700A7630D /* ArView.swift */; };
		4DDC58042888D53000A7630D /* ScanView.swift in Sources */ = {isa = PBXBuildFile; fileRef = 4DDC58032888D53000A7630D /* ScanView.swift */; };
		4DE01946288567E7004FEDDD /* CustomPicker.swift in Sources */ = {isa = PBXBuildFile; fileRef = 4DE01945288567E7004FEDDD /* CustomPicker.swift */; };
		60DB7F82288870DC009F391E /* GalleryView.swift in Sources */ = {isa = PBXBuildFile; fileRef = 60DB7F81288870DC009F391E /* GalleryView.swift */; };
		60DB7F85288875FB009F391E /* ImageModel.swift in Sources */ = {isa = PBXBuildFile; fileRef = 60DB7F84288875FB009F391E /* ImageModel.swift */; };
		60DB7F8928887E60009F391E /* ImageView.swift in Sources */ = {isa = PBXBuildFile; fileRef = 60DB7F8828887E60009F391E /* ImageView.swift */; };
		60F698F828885414006C63A6 /* ProfileView.swift in Sources */ = {isa = PBXBuildFile; fileRef = 60F698F728885414006C63A6 /* ProfileView.swift */; };
/* End PBXBuildFile section */

/* Begin PBXContainerItemProxy section */
		263585DD2881DC5300828682 /* PBXContainerItemProxy */ = {
			isa = PBXContainerItemProxy;
			containerPortal = 263585C22881DC5000828682 /* Project object */;
			proxyType = 1;
			remoteGlobalIDString = 263585C92881DC5000828682;
			remoteInfo = ARStyle;
		};
		263585E72881DC5300828682 /* PBXContainerItemProxy */ = {
			isa = PBXContainerItemProxy;
			containerPortal = 263585C22881DC5000828682 /* Project object */;
			proxyType = 1;
			remoteGlobalIDString = 263585C92881DC5000828682;
			remoteInfo = ARStyle;
		};
/* End PBXContainerItemProxy section */

/* Begin PBXFileReference section */
		263585CA2881DC5000828682 /* ARStyle.app */ = {isa = PBXFileReference; explicitFileType = wrapper.application; includeInIndex = 0; path = ARStyle.app; sourceTree = BUILT_PRODUCTS_DIR; };
		263585CD2881DC5000828682 /* AppDelegate.swift */ = {isa = PBXFileReference; lastKnownFileType = sourcecode.swift; path = AppDelegate.swift; sourceTree = "<group>"; };
		263585CF2881DC5000828682 /* ContentView.swift */ = {isa = PBXFileReference; lastKnownFileType = sourcecode.swift; path = ContentView.swift; sourceTree = "<group>"; };
		263585D32881DC5200828682 /* Assets.xcassets */ = {isa = PBXFileReference; lastKnownFileType = folder.assetcatalog; path = Assets.xcassets; sourceTree = "<group>"; };
		263585D62881DC5200828682 /* Preview Assets.xcassets */ = {isa = PBXFileReference; lastKnownFileType = folder.assetcatalog; path = "Preview Assets.xcassets"; sourceTree = "<group>"; };
		263585DC2881DC5300828682 /* ARStyleTests.xctest */ = {isa = PBXFileReference; explicitFileType = wrapper.cfbundle; includeInIndex = 0; path = ARStyleTests.xctest; sourceTree = BUILT_PRODUCTS_DIR; };
		263585E02881DC5300828682 /* ARStyleTests.swift */ = {isa = PBXFileReference; lastKnownFileType = sourcecode.swift; path = ARStyleTests.swift; sourceTree = "<group>"; };
		263585E62881DC5300828682 /* ARStyleUITests.xctest */ = {isa = PBXFileReference; explicitFileType = wrapper.cfbundle; includeInIndex = 0; path = ARStyleUITests.xctest; sourceTree = BUILT_PRODUCTS_DIR; };
		263585EA2881DC5300828682 /* ARStyleUITests.swift */ = {isa = PBXFileReference; lastKnownFileType = sourcecode.swift; path = ARStyleUITests.swift; sourceTree = "<group>"; };
		263585EC2881DC5300828682 /* ARStyleUITestsLaunchTests.swift */ = {isa = PBXFileReference; lastKnownFileType = sourcecode.swift; path = ARStyleUITestsLaunchTests.swift; sourceTree = "<group>"; };
		2641083B288953DB0051D3E5 /* PreferencesPage.swift */ = {isa = PBXFileReference; lastKnownFileType = sourcecode.swift; path = PreferencesPage.swift; sourceTree = "<group>"; };
		26AD682028884CFF0061EAB1 /* WelcomePage.swift */ = {isa = PBXFileReference; lastKnownFileType = sourcecode.swift; path = WelcomePage.swift; sourceTree = "<group>"; };
		4D24CF842888D94900B23148 /* CameraModel.swift */ = {isa = PBXFileReference; lastKnownFileType = sourcecode.swift; path = CameraModel.swift; sourceTree = "<group>"; };
		4D3A284F288615C600CBA859 /* glasses1.rcproject */ = {isa = PBXFileReference; lastKnownFileType = file.rcproject; path = glasses1.rcproject; sourceTree = "<group>"; };
		4D3A2851288616CF00CBA859 /* glasses2.rcproject */ = {isa = PBXFileReference; lastKnownFileType = file.rcproject; path = glasses2.rcproject; sourceTree = "<group>"; };
		4D3A2853288624D400CBA859 /* glasses3.rcproject */ = {isa = PBXFileReference; lastKnownFileType = file.rcproject; path = glasses3.rcproject; sourceTree = "<group>"; };
		4D3A28572886358900CBA859 /* glasses4.rcproject */ = {isa = PBXFileReference; lastKnownFileType = file.rcproject; path = glasses4.rcproject; sourceTree = "<group>"; };
		4D3A285928863F2C00CBA859 /* glasses5.rcproject */ = {isa = PBXFileReference; lastKnownFileType = file.rcproject; path = glasses5.rcproject; sourceTree = "<group>"; };
		4D3A285B28863FB100CBA859 /* glasses6.rcproject */ = {isa = PBXFileReference; lastKnownFileType = file.rcproject; path = glasses6.rcproject; sourceTree = "<group>"; };
		4D3A285D28863FD600CBA859 /* glasses7.rcproject */ = {isa = PBXFileReference; lastKnownFileType = file.rcproject; path = glasses7.rcproject; sourceTree = "<group>"; };
		4D5109F4288948BF00A3FBB7 /* MLModel.swift */ = {isa = PBXFileReference; lastKnownFileType = sourcecode.swift; path = MLModel.swift; sourceTree = "<group>"; };
		4D5109F6288957CE00A3FBB7 /* PhototypeClassifier.mlkitmodel */ = {isa = PBXFileReference; lastKnownFileType = file.mlmodel; path = PhototypeClassifier.mlkitmodel; sourceTree = "<group>"; };
		4D5109F828895BE200A3FBB7 /* AnalyzeView.swift */ = {isa = PBXFileReference; fileEncoding = 4; lastKnownFileType = sourcecode.swift; path = AnalyzeView.swift; sourceTree = "<group>"; };
		4D5109FA28895BED00A3FBB7 /* MakeUpView.swift */ = {isa = PBXFileReference; fileEncoding = 4; lastKnownFileType = sourcecode.swift; path = MakeUpView.swift; sourceTree = "<group>"; };
		4D5109FC28897DFD00A3FBB7 /* FaceShapeClassifier.mlmodel */ = {isa = PBXFileReference; lastKnownFileType = file.mlmodel; path = FaceShapeClassifier.mlmodel; sourceTree = "<group>"; };
		4DA0500928882CE8006EEF3D /* hair8.rcproject */ = {isa = PBXFileReference; lastKnownFileType = file.rcproject; path = hair8.rcproject; sourceTree = "<group>"; };
		4DA0500D28883CE8006EEF3D /* hair7.rcproject */ = {isa = PBXFileReference; lastKnownFileType = file.rcproject; path = hair7.rcproject; sourceTree = "<group>"; };
		4DA0500F28883DE8006EEF3D /* hair9.rcproject */ = {isa = PBXFileReference; lastKnownFileType = file.rcproject; path = hair9.rcproject; sourceTree = "<group>"; };
		4DC82FF3288893C100306C9D /* Info.plist */ = {isa = PBXFileReference; lastKnownFileType = text.plist; path = Info.plist; sourceTree = "<group>"; };
		4DC82FF62888A38300306C9D /* Launch Screen.storyboard */ = {isa = PBXFileReference; lastKnownFileType = file.storyboard; path = "Launch Screen.storyboard"; sourceTree = "<group>"; };
		4DD2E3E82887ED150046FD7A /* hair1.rcproject */ = {isa = PBXFileReference; lastKnownFileType = file.rcproject; path = hair1.rcproject; sourceTree = "<group>"; };
		4DD2E3EA2887ED430046FD7A /* hair2.rcproject */ = {isa = PBXFileReference; lastKnownFileType = file.rcproject; path = hair2.rcproject; sourceTree = "<group>"; };
		4DD2E3EC2887ED860046FD7A /* hair3.rcproject */ = {isa = PBXFileReference; lastKnownFileType = file.rcproject; path = hair3.rcproject; sourceTree = "<group>"; };
		4DD2E3EE2887EDBE0046FD7A /* hair4.rcproject */ = {isa = PBXFileReference; lastKnownFileType = file.rcproject; path = hair4.rcproject; sourceTree = "<group>"; };
		4DD2E3F02887F2F40046FD7A /* hair11.rcproject */ = {isa = PBXFileReference; lastKnownFileType = file.rcproject; path = hair11.rcproject; sourceTree = "<group>"; };
		4DDC57FF2888C1A700A7630D /* ArView.swift */ = {isa = PBXFileReference; lastKnownFileType = sourcecode.swift; path = ArView.swift; sourceTree = "<group>"; };
		4DDC58032888D53000A7630D /* ScanView.swift */ = {isa = PBXFileReference; lastKnownFileType = sourcecode.swift; path = ScanView.swift; sourceTree = "<group>"; };
		4DE01945288567E7004FEDDD /* CustomPicker.swift */ = {isa = PBXFileReference; fileEncoding = 4; lastKnownFileType = sourcecode.swift; path = CustomPicker.swift; sourceTree = "<group>"; };
		60DB7F81288870DC009F391E /* GalleryView.swift */ = {isa = PBXFileReference; lastKnownFileType = sourcecode.swift; path = GalleryView.swift; sourceTree = "<group>"; };
		60DB7F84288875FB009F391E /* ImageModel.swift */ = {isa = PBXFileReference; lastKnownFileType = sourcecode.swift; path = ImageModel.swift; sourceTree = "<group>"; };
		60DB7F8828887E60009F391E /* ImageView.swift */ = {isa = PBXFileReference; lastKnownFileType = sourcecode.swift; path = ImageView.swift; sourceTree = "<group>"; };
		60F698F728885414006C63A6 /* ProfileView.swift */ = {isa = PBXFileReference; lastKnownFileType = sourcecode.swift; path = ProfileView.swift; sourceTree = "<group>"; };
/* End PBXFileReference section */

/* Begin PBXFrameworksBuildPhase section */
		263585C72881DC5000828682 /* Frameworks */ = {
			isa = PBXFrameworksBuildPhase;
			buildActionMask = 2147483647;
			files = (
			);
			runOnlyForDeploymentPostprocessing = 0;
		};
		263585D92881DC5300828682 /* Frameworks */ = {
			isa = PBXFrameworksBuildPhase;
			buildActionMask = 2147483647;
			files = (
			);
			runOnlyForDeploymentPostprocessing = 0;
		};
		263585E32881DC5300828682 /* Frameworks */ = {
			isa = PBXFrameworksBuildPhase;
			buildActionMask = 2147483647;
			files = (
			);
			runOnlyForDeploymentPostprocessing = 0;
		};
/* End PBXFrameworksBuildPhase section */

/* Begin PBXGroup section */
		263585C12881DC5000828682 = {
			isa = PBXGroup;
			children = (
				263585CC2881DC5000828682 /* ARStyle */,
				263585DF2881DC5300828682 /* ARStyleTests */,
				263585E92881DC5300828682 /* ARStyleUITests */,
				263585CB2881DC5000828682 /* Products */,
			);
			sourceTree = "<group>";
		};
		263585CB2881DC5000828682 /* Products */ = {
			isa = PBXGroup;
			children = (
				263585CA2881DC5000828682 /* ARStyle.app */,
				263585DC2881DC5300828682 /* ARStyleTests.xctest */,
				263585E62881DC5300828682 /* ARStyleUITests.xctest */,
			);
			name = Products;
			sourceTree = "<group>";
		};
		263585CC2881DC5000828682 /* ARStyle */ = {
			isa = PBXGroup;
			children = (
				4D5109F12889484700A3FBB7 /* ml */,
				4DC82FF3288893C100306C9D /* Info.plist */,
				4D24CF832888D93200B23148 /* data */,
				4DC82FF02888479100306C9D /* view */,
				4D3A284A2886151D00CBA859 /* model */,
				263585CD2881DC5000828682 /* AppDelegate.swift */,
				263585CF2881DC5000828682 /* ContentView.swift */,
				263585D32881DC5200828682 /* Assets.xcassets */,
				263585D52881DC5200828682 /* Preview Content */,
				4DC82FF62888A38300306C9D /* Launch Screen.storyboard */,
				2641083B288953DB0051D3E5 /* PreferencesPage.swift */,
			);
			path = ARStyle;
			sourceTree = "<group>";
		};
		263585D52881DC5200828682 /* Preview Content */ = {
			isa = PBXGroup;
			children = (
				263585D62881DC5200828682 /* Preview Assets.xcassets */,
			);
			path = "Preview Content";
			sourceTree = "<group>";
		};
		263585DF2881DC5300828682 /* ARStyleTests */ = {
			isa = PBXGroup;
			children = (
				263585E02881DC5300828682 /* ARStyleTests.swift */,
			);
			path = ARStyleTests;
			sourceTree = "<group>";
		};
		263585E92881DC5300828682 /* ARStyleUITests */ = {
			isa = PBXGroup;
			children = (
				263585EA2881DC5300828682 /* ARStyleUITests.swift */,
				263585EC2881DC5300828682 /* ARStyleUITestsLaunchTests.swift */,
			);
			path = ARStyleUITests;
			sourceTree = "<group>";
		};
		4D24CF832888D93200B23148 /* data */ = {
			isa = PBXGroup;
			children = (
				60DB7F84288875FB009F391E /* ImageModel.swift */,
				4D24CF842888D94900B23148 /* CameraModel.swift */,
				4D5109F4288948BF00A3FBB7 /* MLModel.swift */,
			);
			path = data;
			sourceTree = "<group>";
		};
		4D3A284A2886151D00CBA859 /* model */ = {
			isa = PBXGroup;
			children = (
				4D3A285D28863FD600CBA859 /* glasses7.rcproject */,
				4D3A285B28863FB100CBA859 /* glasses6.rcproject */,
				4D3A28572886358900CBA859 /* glasses4.rcproject */,
				4D3A2853288624D400CBA859 /* glasses3.rcproject */,
				4D3A2851288616CF00CBA859 /* glasses2.rcproject */,
				4D3A285928863F2C00CBA859 /* glasses5.rcproject */,
				4D3A284F288615C600CBA859 /* glasses1.rcproject */,
				4DD2E3E82887ED150046FD7A /* hair1.rcproject */,
				4DD2E3EA2887ED430046FD7A /* hair2.rcproject */,
				4DD2E3EC2887ED860046FD7A /* hair3.rcproject */,
				4DD2E3EE2887EDBE0046FD7A /* hair4.rcproject */,
				4DA0500D28883CE8006EEF3D /* hair7.rcproject */,
				4DA0500928882CE8006EEF3D /* hair8.rcproject */,
				4DA0500F28883DE8006EEF3D /* hair9.rcproject */,
				4DD2E3F02887F2F40046FD7A /* hair11.rcproject */,
			);
			path = model;
			sourceTree = "<group>";
		};
		4D5109F12889484700A3FBB7 /* ml */ = {
			isa = PBXGroup;
			children = (
				4D5109F6288957CE00A3FBB7 /* PhototypeClassifier.mlkitmodel */,
				4D5109FC28897DFD00A3FBB7 /* FaceShapeClassifier.mlmodel */,
			);
			path = ml;
			sourceTree = "<group>";
		};
		4DC82FF02888479100306C9D /* view */ = {
			isa = PBXGroup;
			children = (
				60DB7F81288870DC009F391E /* GalleryView.swift */,
				60DB7F8828887E60009F391E /* ImageView.swift */,
				4D5109FA28895BED00A3FBB7 /* MakeUpView.swift */,
				4D5109F828895BE200A3FBB7 /* AnalyzeView.swift */,
				26AD682028884CFF0061EAB1 /* WelcomePage.swift */,
				60F698F728885414006C63A6 /* ProfileView.swift */,
				4DE01945288567E7004FEDDD /* CustomPicker.swift */,
				4DDC57FF2888C1A700A7630D /* ArView.swift */,
				4DDC58032888D53000A7630D /* ScanView.swift */,
			);
			path = view;
			sourceTree = "<group>";
		};
/* End PBXGroup section */

/* Begin PBXNativeTarget section */
		263585C92881DC5000828682 /* ARStyle */ = {
			isa = PBXNativeTarget;
			buildConfigurationList = 263585F02881DC5300828682 /* Build configuration list for PBXNativeTarget "ARStyle" */;
			buildPhases = (
				263585C62881DC5000828682 /* Sources */,
				263585C72881DC5000828682 /* Frameworks */,
				263585C82881DC5000828682 /* Resources */,
			);
			buildRules = (
			);
			dependencies = (
			);
			name = ARStyle;
			productName = ARStyle;
			productReference = 263585CA2881DC5000828682 /* ARStyle.app */;
			productType = "com.apple.product-type.application";
		};
		263585DB2881DC5300828682 /* ARStyleTests */ = {
			isa = PBXNativeTarget;
			buildConfigurationList = 263585F32881DC5300828682 /* Build configuration list for PBXNativeTarget "ARStyleTests" */;
			buildPhases = (
				263585D82881DC5300828682 /* Sources */,
				263585D92881DC5300828682 /* Frameworks */,
				263585DA2881DC5300828682 /* Resources */,
			);
			buildRules = (
			);
			dependencies = (
				263585DE2881DC5300828682 /* PBXTargetDependency */,
			);
			name = ARStyleTests;
			productName = ARStyleTests;
			productReference = 263585DC2881DC5300828682 /* ARStyleTests.xctest */;
			productType = "com.apple.product-type.bundle.unit-test";
		};
		263585E52881DC5300828682 /* ARStyleUITests */ = {
			isa = PBXNativeTarget;
			buildConfigurationList = 263585F62881DC5300828682 /* Build configuration list for PBXNativeTarget "ARStyleUITests" */;
			buildPhases = (
				263585E22881DC5300828682 /* Sources */,
				263585E32881DC5300828682 /* Frameworks */,
				263585E42881DC5300828682 /* Resources */,
			);
			buildRules = (
			);
			dependencies = (
				263585E82881DC5300828682 /* PBXTargetDependency */,
			);
			name = ARStyleUITests;
			productName = ARStyleUITests;
			productReference = 263585E62881DC5300828682 /* ARStyleUITests.xctest */;
			productType = "com.apple.product-type.bundle.ui-testing";
		};
/* End PBXNativeTarget section */

/* Begin PBXProject section */
		263585C22881DC5000828682 /* Project object */ = {
			isa = PBXProject;
			attributes = {
				BuildIndependentTargetsInParallel = 1;
				LastSwiftUpdateCheck = 1340;
				LastUpgradeCheck = 1340;
				TargetAttributes = {
					263585C92881DC5000828682 = {
						CreatedOnToolsVersion = 13.4.1;
					};
					263585DB2881DC5300828682 = {
						CreatedOnToolsVersion = 13.4.1;
						TestTargetID = 263585C92881DC5000828682;
					};
					263585E52881DC5300828682 = {
						CreatedOnToolsVersion = 13.4.1;
						TestTargetID = 263585C92881DC5000828682;
					};
				};
			};
			buildConfigurationList = 263585C52881DC5000828682 /* Build configuration list for PBXProject "ARStyle" */;
			compatibilityVersion = "Xcode 13.0";
			developmentRegion = en;
			hasScannedForEncodings = 0;
			knownRegions = (
				en,
				Base,
			);
			mainGroup = 263585C12881DC5000828682;
			productRefGroup = 263585CB2881DC5000828682 /* Products */;
			projectDirPath = "";
			projectRoot = "";
			targets = (
				263585C92881DC5000828682 /* ARStyle */,
				263585DB2881DC5300828682 /* ARStyleTests */,
				263585E52881DC5300828682 /* ARStyleUITests */,
			);
		};
/* End PBXProject section */

/* Begin PBXResourcesBuildPhase section */
		263585C82881DC5000828682 /* Resources */ = {
			isa = PBXResourcesBuildPhase;
			buildActionMask = 2147483647;
			files = (
				4DC82FF72888A38300306C9D /* Launch Screen.storyboard in Resources */,
				263585D72881DC5200828682 /* Preview Assets.xcassets in Resources */,
				263585D42881DC5200828682 /* Assets.xcassets in Resources */,
			);
			runOnlyForDeploymentPostprocessing = 0;
		};
		263585DA2881DC5300828682 /* Resources */ = {
			isa = PBXResourcesBuildPhase;
			buildActionMask = 2147483647;
			files = (
			);
			runOnlyForDeploymentPostprocessing = 0;
		};
		263585E42881DC5300828682 /* Resources */ = {
			isa = PBXResourcesBuildPhase;
			buildActionMask = 2147483647;
			files = (
			);
			runOnlyForDeploymentPostprocessing = 0;
		};
/* End PBXResourcesBuildPhase section */

/* Begin PBXSourcesBuildPhase section */
		263585C62881DC5000828682 /* Sources */ = {
			isa = PBXSourcesBuildPhase;
			buildActionMask = 2147483647;
			files = (
				4DA0500E28883CE8006EEF3D /* hair7.rcproject in Sources */,
				4D3A2850288615C600CBA859 /* glasses1.rcproject in Sources */,
				4D3A285E28863FD600CBA859 /* glasses7.rcproject in Sources */,
				26AD682128884CFF0061EAB1 /* WelcomePage.swift in Sources */,
				4D5109FB28895BED00A3FBB7 /* MakeUpView.swift in Sources */,
				4D5109F5288948BF00A3FBB7 /* MLModel.swift in Sources */,
				263585D02881DC5000828682 /* ContentView.swift in Sources */,
				60DB7F85288875FB009F391E /* ImageModel.swift in Sources */,
				4DDC58042888D53000A7630D /* ScanView.swift in Sources */,
				4D3A28582886358900CBA859 /* glasses4.rcproject in Sources */,
				4DDC58002888C1A700A7630D /* ArView.swift in Sources */,
				4DD2E3ED2887ED860046FD7A /* hair3.rcproject in Sources */,
				4DA0500A28882CE8006EEF3D /* hair8.rcproject in Sources */,
				60DB7F82288870DC009F391E /* GalleryView.swift in Sources */,
				4D3A285C28863FB100CBA859 /* glasses6.rcproject in Sources */,
				4D3A285A28863F2C00CBA859 /* glasses5.rcproject in Sources */,
				4D3A2852288616CF00CBA859 /* glasses2.rcproject in Sources */,
				60DB7F8928887E60009F391E /* ImageView.swift in Sources */,
				4DD2E3EB2887ED430046FD7A /* hair2.rcproject in Sources */,
				4DD2E3EF2887EDBE0046FD7A /* hair4.rcproject in Sources */,
				4D5109F7288957CF00A3FBB7 /* PhototypeClassifier.mlkitmodel in Sources */,
				4D3A2854288624D400CBA859 /* glasses3.rcproject in Sources */,
				263585CE2881DC5000828682 /* AppDelegate.swift in Sources */,
				4DD2E3F12887F2F40046FD7A /* hair11.rcproject in Sources */,
				4DE01946288567E7004FEDDD /* CustomPicker.swift in Sources */,
				4D5109FD28897DFE00A3FBB7 /* FaceShapeClassifier.mlmodel in Sources */,
				4D5109F928895BE200A3FBB7 /* AnalyzeView.swift in Sources */,
				4D24CF852888D94900B23148 /* CameraModel.swift in Sources */,
				60F698F828885414006C63A6 /* ProfileView.swift in Sources */,
				4DA0501028883DE8006EEF3D /* hair9.rcproject in Sources */,
				4DD2E3E92887ED150046FD7A /* hair1.rcproject in Sources */,
				2641083C288953DB0051D3E5 /* PreferencesPage.swift in Sources */,
			);
			runOnlyForDeploymentPostprocessing = 0;
		};
		263585D82881DC5300828682 /* Sources */ = {
			isa = PBXSourcesBuildPhase;
			buildActionMask = 2147483647;
			files = (
				263585E12881DC5300828682 /* ARStyleTests.swift in Sources */,
			);
			runOnlyForDeploymentPostprocessing = 0;
		};
		263585E22881DC5300828682 /* Sources */ = {
			isa = PBXSourcesBuildPhase;
			buildActionMask = 2147483647;
			files = (
				263585EB2881DC5300828682 /* ARStyleUITests.swift in Sources */,
				263585ED2881DC5300828682 /* ARStyleUITestsLaunchTests.swift in Sources */,
			);
			runOnlyForDeploymentPostprocessing = 0;
		};
/* End PBXSourcesBuildPhase section */

/* Begin PBXTargetDependency section */
		263585DE2881DC5300828682 /* PBXTargetDependency */ = {
			isa = PBXTargetDependency;
			target = 263585C92881DC5000828682 /* ARStyle */;
			targetProxy = 263585DD2881DC5300828682 /* PBXContainerItemProxy */;
		};
		263585E82881DC5300828682 /* PBXTargetDependency */ = {
			isa = PBXTargetDependency;
			target = 263585C92881DC5000828682 /* ARStyle */;
			targetProxy = 263585E72881DC5300828682 /* PBXContainerItemProxy */;
		};
/* End PBXTargetDependency section */

/* Begin XCBuildConfiguration section */
		263585EE2881DC5300828682 /* Debug */ = {
			isa = XCBuildConfiguration;
			buildSettings = {
				ALWAYS_SEARCH_USER_PATHS = NO;
				CLANG_ANALYZER_NONNULL = YES;
				CLANG_ANALYZER_NUMBER_OBJECT_CONVERSION = YES_AGGRESSIVE;
				CLANG_CXX_LANGUAGE_STANDARD = "gnu++17";
				CLANG_ENABLE_MODULES = YES;
				CLANG_ENABLE_OBJC_ARC = YES;
				CLANG_ENABLE_OBJC_WEAK = YES;
				CLANG_WARN_BLOCK_CAPTURE_AUTORELEASING = YES;
				CLANG_WARN_BOOL_CONVERSION = YES;
				CLANG_WARN_COMMA = YES;
				CLANG_WARN_CONSTANT_CONVERSION = YES;
				CLANG_WARN_DEPRECATED_OBJC_IMPLEMENTATIONS = YES;
				CLANG_WARN_DIRECT_OBJC_ISA_USAGE = YES_ERROR;
				CLANG_WARN_DOCUMENTATION_COMMENTS = YES;
				CLANG_WARN_EMPTY_BODY = YES;
				CLANG_WARN_ENUM_CONVERSION = YES;
				CLANG_WARN_INFINITE_RECURSION = YES;
				CLANG_WARN_INT_CONVERSION = YES;
				CLANG_WARN_NON_LITERAL_NULL_CONVERSION = YES;
				CLANG_WARN_OBJC_IMPLICIT_RETAIN_SELF = YES;
				CLANG_WARN_OBJC_LITERAL_CONVERSION = YES;
				CLANG_WARN_OBJC_ROOT_CLASS = YES_ERROR;
				CLANG_WARN_QUOTED_INCLUDE_IN_FRAMEWORK_HEADER = YES;
				CLANG_WARN_RANGE_LOOP_ANALYSIS = YES;
				CLANG_WARN_STRICT_PROTOTYPES = YES;
				CLANG_WARN_SUSPICIOUS_MOVE = YES;
				CLANG_WARN_UNGUARDED_AVAILABILITY = YES_AGGRESSIVE;
				CLANG_WARN_UNREACHABLE_CODE = YES;
				CLANG_WARN__DUPLICATE_METHOD_MATCH = YES;
				COPY_PHASE_STRIP = NO;
				DEBUG_INFORMATION_FORMAT = dwarf;
				ENABLE_STRICT_OBJC_MSGSEND = YES;
				ENABLE_TESTABILITY = YES;
				GCC_C_LANGUAGE_STANDARD = gnu11;
				GCC_DYNAMIC_NO_PIC = NO;
				GCC_NO_COMMON_BLOCKS = YES;
				GCC_OPTIMIZATION_LEVEL = 0;
				GCC_PREPROCESSOR_DEFINITIONS = (
					"DEBUG=1",
					"$(inherited)",
				);
				GCC_WARN_64_TO_32_BIT_CONVERSION = YES;
				GCC_WARN_ABOUT_RETURN_TYPE = YES_ERROR;
				GCC_WARN_UNDECLARED_SELECTOR = YES;
				GCC_WARN_UNINITIALIZED_AUTOS = YES_AGGRESSIVE;
				GCC_WARN_UNUSED_FUNCTION = YES;
				GCC_WARN_UNUSED_VARIABLE = YES;
				IPHONEOS_DEPLOYMENT_TARGET = 15.5;
				MTL_ENABLE_DEBUG_INFO = INCLUDE_SOURCE;
				MTL_FAST_MATH = YES;
				ONLY_ACTIVE_ARCH = YES;
				SDKROOT = iphoneos;
				SWIFT_ACTIVE_COMPILATION_CONDITIONS = DEBUG;
				SWIFT_OPTIMIZATION_LEVEL = "-Onone";
			};
			name = Debug;
		};
		263585EF2881DC5300828682 /* Release */ = {
			isa = XCBuildConfiguration;
			buildSettings = {
				ALWAYS_SEARCH_USER_PATHS = NO;
				CLANG_ANALYZER_NONNULL = YES;
				CLANG_ANALYZER_NUMBER_OBJECT_CONVERSION = YES_AGGRESSIVE;
				CLANG_CXX_LANGUAGE_STANDARD = "gnu++17";
				CLANG_ENABLE_MODULES = YES;
				CLANG_ENABLE_OBJC_ARC = YES;
				CLANG_ENABLE_OBJC_WEAK = YES;
				CLANG_WARN_BLOCK_CAPTURE_AUTORELEASING = YES;
				CLANG_WARN_BOOL_CONVERSION = YES;
				CLANG_WARN_COMMA = YES;
				CLANG_WARN_CONSTANT_CONVERSION = YES;
				CLANG_WARN_DEPRECATED_OBJC_IMPLEMENTATIONS = YES;
				CLANG_WARN_DIRECT_OBJC_ISA_USAGE = YES_ERROR;
				CLANG_WARN_DOCUMENTATION_COMMENTS = YES;
				CLANG_WARN_EMPTY_BODY = YES;
				CLANG_WARN_ENUM_CONVERSION = YES;
				CLANG_WARN_INFINITE_RECURSION = YES;
				CLANG_WARN_INT_CONVERSION = YES;
				CLANG_WARN_NON_LITERAL_NULL_CONVERSION = YES;
				CLANG_WARN_OBJC_IMPLICIT_RETAIN_SELF = YES;
				CLANG_WARN_OBJC_LITERAL_CONVERSION = YES;
				CLANG_WARN_OBJC_ROOT_CLASS = YES_ERROR;
				CLANG_WARN_QUOTED_INCLUDE_IN_FRAMEWORK_HEADER = YES;
				CLANG_WARN_RANGE_LOOP_ANALYSIS = YES;
				CLANG_WARN_STRICT_PROTOTYPES = YES;
				CLANG_WARN_SUSPICIOUS_MOVE = YES;
				CLANG_WARN_UNGUARDED_AVAILABILITY = YES_AGGRESSIVE;
				CLANG_WARN_UNREACHABLE_CODE = YES;
				CLANG_WARN__DUPLICATE_METHOD_MATCH = YES;
				COPY_PHASE_STRIP = NO;
				DEBUG_INFORMATION_FORMAT = "dwarf-with-dsym";
				ENABLE_NS_ASSERTIONS = NO;
				ENABLE_STRICT_OBJC_MSGSEND = YES;
				GCC_C_LANGUAGE_STANDARD = gnu11;
				GCC_NO_COMMON_BLOCKS = YES;
				GCC_WARN_64_TO_32_BIT_CONVERSION = YES;
				GCC_WARN_ABOUT_RETURN_TYPE = YES_ERROR;
				GCC_WARN_UNDECLARED_SELECTOR = YES;
				GCC_WARN_UNINITIALIZED_AUTOS = YES_AGGRESSIVE;
				GCC_WARN_UNUSED_FUNCTION = YES;
				GCC_WARN_UNUSED_VARIABLE = YES;
				IPHONEOS_DEPLOYMENT_TARGET = 15.5;
				MTL_ENABLE_DEBUG_INFO = NO;
				MTL_FAST_MATH = YES;
				SDKROOT = iphoneos;
				SWIFT_COMPILATION_MODE = wholemodule;
				SWIFT_OPTIMIZATION_LEVEL = "-O";
				VALIDATE_PRODUCT = YES;
			};
			name = Release;
		};
		263585F12881DC5300828682 /* Debug */ = {
			isa = XCBuildConfiguration;
			buildSettings = {
				ASSETCATALOG_COMPILER_APPICON_NAME = AppIcon;
				ASSETCATALOG_COMPILER_GLOBAL_ACCENT_COLOR_NAME = AccentColor;
				ASSETCATALOG_COMPILER_INCLUDE_ALL_APPICON_ASSETS = NO;
				CODE_SIGN_STYLE = Automatic;
				CURRENT_PROJECT_VERSION = 1;
				DEVELOPMENT_ASSET_PATHS = "\"ARStyle/Preview Content\"";
				DEVELOPMENT_TEAM = J257UR7L85;
				DEVELOPMENT_TEAM = 5352V4L2B4;
				ENABLE_PREVIEWS = YES;
				GENERATE_INFOPLIST_FILE = YES;
				INFOPLIST_FILE = ARStyle/Info.plist;
				INFOPLIST_KEY_NSCameraUsageDescription = "The app requires access to camera";
				INFOPLIST_KEY_NSPhotoLibraryAddUsageDescription = "";
				INFOPLIST_KEY_UIApplicationSupportsIndirectInputEvents = YES;
				INFOPLIST_KEY_UILaunchStoryboardName = "Launch Screen";
				INFOPLIST_KEY_UIRequiredDeviceCapabilities = arkit;
				INFOPLIST_KEY_UIStatusBarHidden = YES;
				INFOPLIST_KEY_UISupportedInterfaceOrientations_iPad = "UIInterfaceOrientationPortrait UIInterfaceOrientationPortraitUpsideDown UIInterfaceOrientationLandscapeLeft UIInterfaceOrientationLandscapeRight";
				INFOPLIST_KEY_UISupportedInterfaceOrientations_iPhone = "UIInterfaceOrientationPortrait UIInterfaceOrientationLandscapeLeft UIInterfaceOrientationLandscapeRight";
				LD_RUNPATH_SEARCH_PATHS = (
					"$(inherited)",
					"@executable_path/Frameworks",
				);
				MARKETING_VERSION = 1.0;
				PRODUCT_BUNDLE_IDENTIFIER = com.everysimo.ARStyleDaniele;
				PRODUCT_BUNDLE_IDENTIFIER = com.everysimo.ARStyle2;
				PRODUCT_NAME = "$(TARGET_NAME)";
				SWIFT_EMIT_LOC_STRINGS = YES;
				SWIFT_VERSION = 5.0;
				TARGETED_DEVICE_FAMILY = "1,2";
			};
			name = Debug;
		};
		263585F22881DC5300828682 /* Release */ = {
			isa = XCBuildConfiguration;
			buildSettings = {
				ASSETCATALOG_COMPILER_APPICON_NAME = AppIcon;
				ASSETCATALOG_COMPILER_GLOBAL_ACCENT_COLOR_NAME = AccentColor;
				ASSETCATALOG_COMPILER_INCLUDE_ALL_APPICON_ASSETS = NO;
				CODE_SIGN_STYLE = Automatic;
				CURRENT_PROJECT_VERSION = 1;
				DEVELOPMENT_ASSET_PATHS = "\"ARStyle/Preview Content\"";
				DEVELOPMENT_TEAM = J257UR7L85;
				DEVELOPMENT_TEAM = 5352V4L2B4;
				ENABLE_PREVIEWS = YES;
				GENERATE_INFOPLIST_FILE = YES;
				INFOPLIST_FILE = ARStyle/Info.plist;
				INFOPLIST_KEY_NSCameraUsageDescription = "The app requires access to camera";
				INFOPLIST_KEY_NSPhotoLibraryAddUsageDescription = "";
				INFOPLIST_KEY_UIApplicationSupportsIndirectInputEvents = YES;
				INFOPLIST_KEY_UILaunchStoryboardName = "Launch Screen";
				INFOPLIST_KEY_UIRequiredDeviceCapabilities = arkit;
				INFOPLIST_KEY_UIStatusBarHidden = YES;
				INFOPLIST_KEY_UISupportedInterfaceOrientations_iPad = "UIInterfaceOrientationPortrait UIInterfaceOrientationPortraitUpsideDown UIInterfaceOrientationLandscapeLeft UIInterfaceOrientationLandscapeRight";
				INFOPLIST_KEY_UISupportedInterfaceOrientations_iPhone = "UIInterfaceOrientationPortrait UIInterfaceOrientationLandscapeLeft UIInterfaceOrientationLandscapeRight";
				LD_RUNPATH_SEARCH_PATHS = (
					"$(inherited)",
					"@executable_path/Frameworks",
				);
				MARKETING_VERSION = 1.0;
				PRODUCT_BUNDLE_IDENTIFIER = com.everysimo.ARStyleDaniele;
				PRODUCT_BUNDLE_IDENTIFIER = com.everysimo.ARStyle2;
				PRODUCT_NAME = "$(TARGET_NAME)";
				SWIFT_EMIT_LOC_STRINGS = YES;
				SWIFT_VERSION = 5.0;
				TARGETED_DEVICE_FAMILY = "1,2";
			};
			name = Release;
		};
		263585F42881DC5300828682 /* Debug */ = {
			isa = XCBuildConfiguration;
			buildSettings = {
				ALWAYS_EMBED_SWIFT_STANDARD_LIBRARIES = YES;
				BUNDLE_LOADER = "$(TEST_HOST)";
				CODE_SIGN_STYLE = Automatic;
				CURRENT_PROJECT_VERSION = 1;
				DEVELOPMENT_TEAM = 5352V4L2B4;
				GENERATE_INFOPLIST_FILE = YES;
				IPHONEOS_DEPLOYMENT_TARGET = 15.5;
				MARKETING_VERSION = 1.0;
				PRODUCT_BUNDLE_IDENTIFIER = com.everysimo.ARStyleTests;
				PRODUCT_NAME = "$(TARGET_NAME)";
				SWIFT_EMIT_LOC_STRINGS = NO;
				SWIFT_VERSION = 5.0;
				TARGETED_DEVICE_FAMILY = "1,2";
				TEST_HOST = "$(BUILT_PRODUCTS_DIR)/ARStyle.app/ARStyle";
			};
			name = Debug;
		};
		263585F52881DC5300828682 /* Release */ = {
			isa = XCBuildConfiguration;
			buildSettings = {
				ALWAYS_EMBED_SWIFT_STANDARD_LIBRARIES = YES;
				BUNDLE_LOADER = "$(TEST_HOST)";
				CODE_SIGN_STYLE = Automatic;
				CURRENT_PROJECT_VERSION = 1;
				DEVELOPMENT_TEAM = 5352V4L2B4;
				GENERATE_INFOPLIST_FILE = YES;
				IPHONEOS_DEPLOYMENT_TARGET = 15.5;
				MARKETING_VERSION = 1.0;
				PRODUCT_BUNDLE_IDENTIFIER = com.everysimo.ARStyleTests;
				PRODUCT_NAME = "$(TARGET_NAME)";
				SWIFT_EMIT_LOC_STRINGS = NO;
				SWIFT_VERSION = 5.0;
				TARGETED_DEVICE_FAMILY = "1,2";
				TEST_HOST = "$(BUILT_PRODUCTS_DIR)/ARStyle.app/ARStyle";
			};
			name = Release;
		};
		263585F72881DC5300828682 /* Debug */ = {
			isa = XCBuildConfiguration;
			buildSettings = {
				ALWAYS_EMBED_SWIFT_STANDARD_LIBRARIES = YES;
				CODE_SIGN_STYLE = Automatic;
				CURRENT_PROJECT_VERSION = 1;
				DEVELOPMENT_TEAM = 5352V4L2B4;
				GENERATE_INFOPLIST_FILE = YES;
				MARKETING_VERSION = 1.0;
				PRODUCT_BUNDLE_IDENTIFIER = com.everysimo.ARStyleUITests;
				PRODUCT_NAME = "$(TARGET_NAME)";
				SWIFT_EMIT_LOC_STRINGS = NO;
				SWIFT_VERSION = 5.0;
				TARGETED_DEVICE_FAMILY = "1,2";
				TEST_TARGET_NAME = ARStyle;
			};
			name = Debug;
		};
		263585F82881DC5300828682 /* Release */ = {
			isa = XCBuildConfiguration;
			buildSettings = {
				ALWAYS_EMBED_SWIFT_STANDARD_LIBRARIES = YES;
				CODE_SIGN_STYLE = Automatic;
				CURRENT_PROJECT_VERSION = 1;
				DEVELOPMENT_TEAM = 5352V4L2B4;
				GENERATE_INFOPLIST_FILE = YES;
				MARKETING_VERSION = 1.0;
				PRODUCT_BUNDLE_IDENTIFIER = com.everysimo.ARStyleUITests;
				PRODUCT_NAME = "$(TARGET_NAME)";
				SWIFT_EMIT_LOC_STRINGS = NO;
				SWIFT_VERSION = 5.0;
				TARGETED_DEVICE_FAMILY = "1,2";
				TEST_TARGET_NAME = ARStyle;
			};
			name = Release;
		};
/* End XCBuildConfiguration section */

/* Begin XCConfigurationList section */
		263585C52881DC5000828682 /* Build configuration list for PBXProject "ARStyle" */ = {
			isa = XCConfigurationList;
			buildConfigurations = (
				263585EE2881DC5300828682 /* Debug */,
				263585EF2881DC5300828682 /* Release */,
			);
			defaultConfigurationIsVisible = 0;
			defaultConfigurationName = Release;
		};
		263585F02881DC5300828682 /* Build configuration list for PBXNativeTarget "ARStyle" */ = {
			isa = XCConfigurationList;
			buildConfigurations = (
				263585F12881DC5300828682 /* Debug */,
				263585F22881DC5300828682 /* Release */,
			);
			defaultConfigurationIsVisible = 0;
			defaultConfigurationName = Release;
		};
		263585F32881DC5300828682 /* Build configuration list for PBXNativeTarget "ARStyleTests" */ = {
			isa = XCConfigurationList;
			buildConfigurations = (
				263585F42881DC5300828682 /* Debug */,
				263585F52881DC5300828682 /* Release */,
			);
			defaultConfigurationIsVisible = 0;
			defaultConfigurationName = Release;
		};
		263585F62881DC5300828682 /* Build configuration list for PBXNativeTarget "ARStyleUITests" */ = {
			isa = XCConfigurationList;
			buildConfigurations = (
				263585F72881DC5300828682 /* Debug */,
				263585F82881DC5300828682 /* Release */,
			);
			defaultConfigurationIsVisible = 0;
			defaultConfigurationName = Release;
		};
/* End XCConfigurationList section */
	};
	rootObject = 263585C22881DC5000828682 /* Project object */;
}
