PODS:
  - YMCirclePickerView (1.0.5)

DEPENDENCIES:
  - YMCirclePickerView

SPEC REPOS:
  https://github.com/CocoaPods/Specs.git:
    - YMCirclePickerView

SPEC CHECKSUMS:
  YMCirclePickerView: 14aa649223556713421985334e805d0d17fedeb7

PODFILE CHECKSUM: a41538f381f815aad666410a46b7eb215d800be8

COCOAPODS: 1.11.3
